// !$*UTF8*$!
{
	archiveVersion = 1;
	classes = {
	};
	objectVersion = 46;
	objects = {

/* Begin PBXBuildFile section */
		8131F93A150E46B40030DC42 /* FileObject.m in Sources */ = {isa = PBXBuildFile; fileRef = 8131F939150E46B40030DC42 /* FileObject.m */; };
		81451AAF14FB973000644AF4 /* Cocoa.framework in Frameworks */ = {isa = PBXBuildFile; fileRef = 81451AAE14FB973000644AF4 /* Cocoa.framework */; };
		81451AB914FB973000644AF4 /* InfoPlist.strings in Resources */ = {isa = PBXBuildFile; fileRef = 81451AB714FB973000644AF4 /* InfoPlist.strings */; };
		81451ABB14FB973000644AF4 /* main.m in Sources */ = {isa = PBXBuildFile; fileRef = 81451ABA14FB973000644AF4 /* main.m */; };
		81451ABF14FB973000644AF4 /* Credits.rtf in Resources */ = {isa = PBXBuildFile; fileRef = 81451ABD14FB973000644AF4 /* Credits.rtf */; };
		81451AC514FB973000644AF4 /* MainMenu.xib in Resources */ = {isa = PBXBuildFile; fileRef = 81451AC314FB973000644AF4 /* MainMenu.xib */; };
		81451ACD14FB977600644AF4 /* FileHandler.m in Sources */ = {isa = PBXBuildFile; fileRef = 81451ACC14FB977600644AF4 /* FileHandler.m */; };
		8160F98417E9A45300DED4C9 /* ROMan.icns in Resources */ = {isa = PBXBuildFile; fileRef = 8160F98317E9A45300DED4C9 /* ROMan.icns */; };
		8160F98617E9A4A400DED4C9 /* AppDelegate.m in Sources */ = {isa = PBXBuildFile; fileRef = 8160F98517E9A4A400DED4C9 /* AppDelegate.m */; };
		819523C1150A042200114146 /* DropView.m in Sources */ = {isa = PBXBuildFile; fileRef = 819523C0150A042200114146 /* DropView.m */; };
		81A684A0151A60BB000B4528 /* RomImageDocument.icns in Resources */ = {isa = PBXBuildFile; fileRef = 81A6849E151A60BB000B4528 /* RomImageDocument.icns */; };
		81A684A1151A60BB000B4528 /* Unsupported.icns in Resources */ = {isa = PBXBuildFile; fileRef = 81A6849F151A60BB000B4528 /* Unsupported.icns */; };
		81A684B1151AA088000B4528 /* GenericQuestionMarkIcon.icns in Resources */ = {isa = PBXBuildFile; fileRef = 81A684B0151AA088000B4528 /* GenericQuestionMarkIcon.icns */; };
/* End PBXBuildFile section */

/* Begin PBXFileReference section */
		8131F938150E46B40030DC42 /* FileObject.h */ = {isa = PBXFileReference; fileEncoding = 4; lastKnownFileType = sourcecode.c.h; path = FileObject.h; sourceTree = "<group>"; };
		8131F939150E46B40030DC42 /* FileObject.m */ = {isa = PBXFileReference; fileEncoding = 4; lastKnownFileType = sourcecode.c.objc; path = FileObject.m; sourceTree = "<group>"; };
		81451AAA14FB973000644AF4 /* ROMan.app */ = {isa = PBXFileReference; explicitFileType = wrapper.application; includeInIndex = 0; path = ROMan.app; sourceTree = BUILT_PRODUCTS_DIR; };
		81451AAE14FB973000644AF4 /* Cocoa.framework */ = {isa = PBXFileReference; lastKnownFileType = wrapper.framework; name = Cocoa.framework; path = System/Library/Frameworks/Cocoa.framework; sourceTree = SDKROOT; };
		81451AB114FB973000644AF4 /* AppKit.framework */ = {isa = PBXFileReference; lastKnownFileType = wrapper.framework; name = AppKit.framework; path = System/Library/Frameworks/AppKit.framework; sourceTree = SDKROOT; };
		81451AB214FB973000644AF4 /* CoreData.framework */ = {isa = PBXFileReference; lastKnownFileType = wrapper.framework; name = CoreData.framework; path = System/Library/Frameworks/CoreData.framework; sourceTree = SDKROOT; };
		81451AB314FB973000644AF4 /* Foundation.framework */ = {isa = PBXFileReference; lastKnownFileType = wrapper.framework; name = Foundation.framework; path = System/Library/Frameworks/Foundation.framework; sourceTree = SDKROOT; };
		81451AB614FB973000644AF4 /* ROMan-Info.plist */ = {isa = PBXFileReference; lastKnownFileType = text.plist.xml; path = "ROMan-Info.plist"; sourceTree = "<group>"; };
		81451AB814FB973000644AF4 /* en */ = {isa = PBXFileReference; lastKnownFileType = text.plist.strings; name = en; path = en.lproj/InfoPlist.strings; sourceTree = "<group>"; };
		81451ABA14FB973000644AF4 /* main.m */ = {isa = PBXFileReference; lastKnownFileType = sourcecode.c.objc; path = main.m; sourceTree = "<group>"; };
		81451ABC14FB973000644AF4 /* ROMan-Prefix.pch */ = {isa = PBXFileReference; lastKnownFileType = sourcecode.c.h; path = "ROMan-Prefix.pch"; sourceTree = "<group>"; };
		81451ABE14FB973000644AF4 /* en */ = {isa = PBXFileReference; lastKnownFileType = text.rtf; name = en; path = en.lproj/Credits.rtf; sourceTree = "<group>"; };
		81451AC014FB973000644AF4 /* AppDelegate.h */ = {isa = PBXFileReference; lastKnownFileType = sourcecode.c.h; path = AppDelegate.h; sourceTree = "<group>"; };
		81451AC414FB973000644AF4 /* en */ = {isa = PBXFileReference; lastKnownFileType = file.xib; name = en; path = en.lproj/MainMenu.xib; sourceTree = "<group>"; };
		81451ACB14FB977600644AF4 /* FileHandler.h */ = {isa = PBXFileReference; fileEncoding = 4; lastKnownFileType = sourcecode.c.h; path = FileHandler.h; sourceTree = "<group>"; };
		81451ACC14FB977600644AF4 /* FileHandler.m */ = {isa = PBXFileReference; fileEncoding = 4; lastKnownFileType = sourcecode.c.objc; path = FileHandler.m; sourceTree = "<group>"; };
		8160F98317E9A45300DED4C9 /* ROMan.icns */ = {isa = PBXFileReference; lastKnownFileType = image.icns; path = ROMan.icns; sourceTree = "<group>"; };
		8160F98517E9A4A400DED4C9 /* AppDelegate.m */ = {isa = PBXFileReference; fileEncoding = 4; lastKnownFileType = sourcecode.c.objc; path = AppDelegate.m; sourceTree = "<group>"; };
		819523BF150A042200114146 /* DropView.h */ = {isa = PBXFileReference; fileEncoding = 4; lastKnownFileType = sourcecode.c.h; path = DropView.h; sourceTree = "<group>"; };
		819523C0150A042200114146 /* DropView.m */ = {isa = PBXFileReference; fileEncoding = 4; lastKnownFileType = sourcecode.c.objc; path = DropView.m; sourceTree = "<group>"; };
		81A6849E151A60BB000B4528 /* RomImageDocument.icns */ = {isa = PBXFileReference; lastKnownFileType = image.icns; path = RomImageDocument.icns; sourceTree = "<group>"; };
		81A6849F151A60BB000B4528 /* Unsupported.icns */ = {isa = PBXFileReference; lastKnownFileType = image.icns; path = Unsupported.icns; sourceTree = "<group>"; };
		81A684B0151AA088000B4528 /* GenericQuestionMarkIcon.icns */ = {isa = PBXFileReference; lastKnownFileType = image.icns; path = GenericQuestionMarkIcon.icns; sourceTree = "<group>"; };
/* End PBXFileReference section */

/* Begin PBXFrameworksBuildPhase section */
		81451AA714FB973000644AF4 /* Frameworks */ = {
			isa = PBXFrameworksBuildPhase;
			buildActionMask = 2147483647;
			files = (
				81451AAF14FB973000644AF4 /* Cocoa.framework in Frameworks */,
			);
			runOnlyForDeploymentPostprocessing = 0;
		};
/* End PBXFrameworksBuildPhase section */

/* Begin PBXGroup section */
		81451A9F14FB972F00644AF4 = {
			isa = PBXGroup;
			children = (
				81451AB414FB973000644AF4 /* ROMan */,
				81451AAD14FB973000644AF4 /* Frameworks */,
				81451AAB14FB973000644AF4 /* Products */,
			);
			sourceTree = "<group>";
		};
		81451AAB14FB973000644AF4 /* Products */ = {
			isa = PBXGroup;
			children = (
				81451AAA14FB973000644AF4 /* ROMan.app */,
			);
			name = Products;
			sourceTree = "<group>";
		};
		81451AAD14FB973000644AF4 /* Frameworks */ = {
			isa = PBXGroup;
			children = (
				81451AAE14FB973000644AF4 /* Cocoa.framework */,
				81451AB014FB973000644AF4 /* Other Frameworks */,
			);
			name = Frameworks;
			sourceTree = "<group>";
		};
		81451AB014FB973000644AF4 /* Other Frameworks */ = {
			isa = PBXGroup;
			children = (
				81451AB114FB973000644AF4 /* AppKit.framework */,
				81451AB214FB973000644AF4 /* CoreData.framework */,
				81451AB314FB973000644AF4 /* Foundation.framework */,
			);
			name = "Other Frameworks";
			sourceTree = "<group>";
		};
		81451AB414FB973000644AF4 /* ROMan */ = {
			isa = PBXGroup;
			children = (
				81A684A3151A60CA000B4528 /* Icons */,
				81E15C39151BDDD100565D43 /* Models */,
				81E15C3A151BDDE800565D43 /* Views */,
				81E15C37151BDDB300565D43 /* Controllers */,
				81451AB514FB973000644AF4 /* Supporting Files */,
			);
			path = ROMan;
			sourceTree = "<group>";
		};
		81451AB514FB973000644AF4 /* Supporting Files */ = {
			isa = PBXGroup;
			children = (
				81451AB614FB973000644AF4 /* ROMan-Info.plist */,
				81451AB714FB973000644AF4 /* InfoPlist.strings */,
				81451ABA14FB973000644AF4 /* main.m */,
				81451ABC14FB973000644AF4 /* ROMan-Prefix.pch */,
				81451ABD14FB973000644AF4 /* Credits.rtf */,
			);
			name = "Supporting Files";
			sourceTree = "<group>";
		};
		81A684A3151A60CA000B4528 /* Icons */ = {
			isa = PBXGroup;
			children = (
				81A6849F151A60BB000B4528 /* Unsupported.icns */,
				8160F98317E9A45300DED4C9 /* ROMan.icns */,
				81A6849E151A60BB000B4528 /* RomImageDocument.icns */,
				81A684B0151AA088000B4528 /* GenericQuestionMarkIcon.icns */,
			);
			name = Icons;
			sourceTree = "<group>";
		};
		81E15C37151BDDB300565D43 /* Controllers */ = {
			isa = PBXGroup;
			children = (
				81451AC014FB973000644AF4 /* AppDelegate.h */,
				8160F98517E9A4A400DED4C9 /* AppDelegate.m */,
				819523BF150A042200114146 /* DropView.h */,
				819523C0150A042200114146 /* DropView.m */,
			);
			name = Controllers;
			sourceTree = "<group>";
		};
		81E15C39151BDDD100565D43 /* Models */ = {
			isa = PBXGroup;
			children = (
				81451ACB14FB977600644AF4 /* FileHandler.h */,
				81451ACC14FB977600644AF4 /* FileHandler.m */,
				8131F938150E46B40030DC42 /* FileObject.h */,
				8131F939150E46B40030DC42 /* FileObject.m */,
			);
			name = Models;
			sourceTree = "<group>";
		};
		81E15C3A151BDDE800565D43 /* Views */ = {
			isa = PBXGroup;
			children = (
				81451AC314FB973000644AF4 /* MainMenu.xib */,
			);
			name = Views;
			sourceTree = "<group>";
		};
/* End PBXGroup section */

/* Begin PBXNativeTarget section */
		81451AA914FB973000644AF4 /* ROMan */ = {
			isa = PBXNativeTarget;
			buildConfigurationList = 81451AC814FB973000644AF4 /* Build configuration list for PBXNativeTarget "ROMan" */;
			buildPhases = (
				81451AA614FB973000644AF4 /* Sources */,
				81451AA714FB973000644AF4 /* Frameworks */,
				81451AA814FB973000644AF4 /* Resources */,
			);
			buildRules = (
			);
			dependencies = (
			);
			name = ROMan;
			productName = ROMan;
			productReference = 81451AAA14FB973000644AF4 /* ROMan.app */;
			productType = "com.apple.product-type.application";
		};
/* End PBXNativeTarget section */

/* Begin PBXProject section */
		81451AA114FB972F00644AF4 /* Project object */ = {
			isa = PBXProject;
			attributes = {
				LastUpgradeCheck = 0420;
				ORGANIZATIONNAME = "Giancarlo Mariot";
			};
			buildConfigurationList = 81451AA414FB972F00644AF4 /* Build configuration list for PBXProject "ROMan" */;
			compatibilityVersion = "Xcode 3.2";
			developmentRegion = English;
			hasScannedForEncodings = 0;
			knownRegions = (
				en,
			);
			mainGroup = 81451A9F14FB972F00644AF4;
			productRefGroup = 81451AAB14FB973000644AF4 /* Products */;
			projectDirPath = "";
			projectRoot = "";
			targets = (
				81451AA914FB973000644AF4 /* ROMan */,
			);
		};
/* End PBXProject section */

/* Begin PBXResourcesBuildPhase section */
		81451AA814FB973000644AF4 /* Resources */ = {
			isa = PBXResourcesBuildPhase;
			buildActionMask = 2147483647;
			files = (
				81451AB914FB973000644AF4 /* InfoPlist.strings in Resources */,
				81451ABF14FB973000644AF4 /* Credits.rtf in Resources */,
				81451AC514FB973000644AF4 /* MainMenu.xib in Resources */,
				81A684A0151A60BB000B4528 /* RomImageDocument.icns in Resources */,
				81A684A1151A60BB000B4528 /* Unsupported.icns in Resources */,
				81A684B1151AA088000B4528 /* GenericQuestionMarkIcon.icns in Resources */,
				8160F98417E9A45300DED4C9 /* ROMan.icns in Resources */,
			);
			runOnlyForDeploymentPostprocessing = 0;
		};
/* End PBXResourcesBuildPhase section */

/* Begin PBXSourcesBuildPhase section */
		81451AA614FB973000644AF4 /* Sources */ = {
			isa = PBXSourcesBuildPhase;
			buildActionMask = 2147483647;
			files = (
				81451ABB14FB973000644AF4 /* main.m in Sources */,
				81451ACD14FB977600644AF4 /* FileHandler.m in Sources */,
				819523C1150A042200114146 /* DropView.m in Sources */,
				8131F93A150E46B40030DC42 /* FileObject.m in Sources */,
				8160F98617E9A4A400DED4C9 /* AppDelegate.m in Sources */,
			);
			runOnlyForDeploymentPostprocessing = 0;
		};
/* End PBXSourcesBuildPhase section */

/* Begin PBXVariantGroup section */
		81451AB714FB973000644AF4 /* InfoPlist.strings */ = {
			isa = PBXVariantGroup;
			children = (
				81451AB814FB973000644AF4 /* en */,
			);
			name = InfoPlist.strings;
			sourceTree = "<group>";
		};
		81451ABD14FB973000644AF4 /* Credits.rtf */ = {
			isa = PBXVariantGroup;
			children = (
				81451ABE14FB973000644AF4 /* en */,
			);
			name = Credits.rtf;
			sourceTree = "<group>";
		};
		81451AC314FB973000644AF4 /* MainMenu.xib */ = {
			isa = PBXVariantGroup;
			children = (
				81451AC414FB973000644AF4 /* en */,
			);
			name = MainMenu.xib;
			sourceTree = "<group>";
		};
/* End PBXVariantGroup section */

/* Begin XCBuildConfiguration section */
		81451AC614FB973000644AF4 /* Debug */ = {
			isa = XCBuildConfiguration;
			buildSettings = {
				ALWAYS_SEARCH_USER_PATHS = NO;
				ARCHS = "$(ARCHS_STANDARD_64_BIT)";
				COPY_PHASE_STRIP = NO;
				GCC_C_LANGUAGE_STANDARD = gnu99;
				GCC_DYNAMIC_NO_PIC = NO;
				GCC_ENABLE_OBJC_EXCEPTIONS = YES;
				GCC_OPTIMIZATION_LEVEL = 0;
				GCC_PREPROCESSOR_DEFINITIONS = (
					"DEBUG=1",
					"$(inherited)",
				);
				GCC_SYMBOLS_PRIVATE_EXTERN = NO;
				GCC_VERSION = com.apple.compilers.llvm.clang.1_0;
				GCC_WARN_64_TO_32_BIT_CONVERSION = YES;
				GCC_WARN_ABOUT_MISSING_PROTOTYPES = YES;
				GCC_WARN_ABOUT_RETURN_TYPE = YES;
				GCC_WARN_UNUSED_VARIABLE = YES;
				MACOSX_DEPLOYMENT_TARGET = 10.6;
				ONLY_ACTIVE_ARCH = YES;
				SDKROOT = macosx;
			};
			name = Debug;
		};
		81451AC714FB973000644AF4 /* Release */ = {
			isa = XCBuildConfiguration;
			buildSettings = {
				ALWAYS_SEARCH_USER_PATHS = NO;
				ARCHS = "$(ARCHS_STANDARD_64_BIT)";
				COPY_PHASE_STRIP = YES;
				DEBUG_INFORMATION_FORMAT = "dwarf-with-dsym";
				GCC_C_LANGUAGE_STANDARD = gnu99;
				GCC_ENABLE_OBJC_EXCEPTIONS = YES;
				GCC_VERSION = com.apple.compilers.llvm.clang.1_0;
				GCC_WARN_64_TO_32_BIT_CONVERSION = YES;
				GCC_WARN_ABOUT_MISSING_PROTOTYPES = YES;
				GCC_WARN_ABOUT_RETURN_TYPE = YES;
				GCC_WARN_UNUSED_VARIABLE = YES;
				MACOSX_DEPLOYMENT_TARGET = 10.6;
				SDKROOT = macosx;
			};
			name = Release;
		};
		81451AC914FB973000644AF4 /* Debug */ = {
			isa = XCBuildConfiguration;
			buildSettings = {
				ARCHS = "$(ARCHS_STANDARD_64_BIT)";
				GCC_PRECOMPILE_PREFIX_HEADER = YES;
				GCC_PREFIX_HEADER = "ROMan/ROMan-Prefix.pch";
				INFOPLIST_FILE = "ROMan/ROMan-Info.plist";
				ONLY_ACTIVE_ARCH = YES;
				PRODUCT_NAME = "$(TARGET_NAME)";
				WRAPPER_EXTENSION = app;
			};
			name = Debug;
		};
		81451ACA14FB973000644AF4 /* Release */ = {
			isa = XCBuildConfiguration;
			buildSettings = {
				ARCHS = "$(ARCHS_STANDARD_64_BIT)";
				GCC_PRECOMPILE_PREFIX_HEADER = YES;
				GCC_PREFIX_HEADER = "ROMan/ROMan-Prefix.pch";
				INFOPLIST_FILE = "ROMan/ROMan-Info.plist";
				ONLY_ACTIVE_ARCH = NO;
				PRODUCT_NAME = "$(TARGET_NAME)";
				WRAPPER_EXTENSION = app;
			};
			name = Release;
		};
/* End XCBuildConfiguration section */

/* Begin XCConfigurationList section */
		81451AA414FB972F00644AF4 /* Build configuration list for PBXProject "ROMan" */ = {
			isa = XCConfigurationList;
			buildConfigurations = (
				81451AC614FB973000644AF4 /* Debug */,
				81451AC714FB973000644AF4 /* Release */,
			);
			defaultConfigurationIsVisible = 0;
			defaultConfigurationName = Release;
		};
		81451AC814FB973000644AF4 /* Build configuration list for PBXNativeTarget "ROMan" */ = {
			isa = XCConfigurationList;
			buildConfigurations = (
				81451AC914FB973000644AF4 /* Debug */,
				81451ACA14FB973000644AF4 /* Release */,
			);
			defaultConfigurationIsVisible = 0;
			defaultConfigurationName = Release;
		};
/* End XCConfigurationList section */
	};
	rootObject = 81451AA114FB972F00644AF4 /* Project object */;
}
