// !$*UTF8*$!
{
	archiveVersion = 1;
	classes = {
	};
	objectVersion = 46;
	objects = {

/* Begin PBXBuildFile section */
		81165EAF181C25DA00545D16 /* TestedValueTransformer.m in Sources */ = {isa = PBXBuildFile; fileRef = 81165EAE181C25DA00545D16 /* TestedValueTransformer.m */; };
		812C4731181AE18E007682CB /* RomFileController.m in Sources */ = {isa = PBXBuildFile; fileRef = 812C4730181AE18E007682CB /* RomFileController.m */; };
		812C4738181B0E93007682CB /* BytesValueTransformer.m in Sources */ = {isa = PBXBuildFile; fileRef = 812C4737181B0E93007682CB /* BytesValueTransformer.m */; };
		813231C017F0580C00C4C7E4 /* index.html in Resources */ = {isa = PBXBuildFile; fileRef = 813231BD17F0580C00C4C7E4 /* index.html */; };
		813231C217F0580C00C4C7E4 /* MacRomanHelp.png in Resources */ = {isa = PBXBuildFile; fileRef = 813231BF17F0580C00C4C7E4 /* MacRomanHelp.png */; };
		813231C517F05A5400C4C7E4 /* index.html in CopyFiles */ = {isa = PBXBuildFile; fileRef = 813231BD17F0580C00C4C7E4 /* index.html */; };
		813231C617F05A5600C4C7E4 /* MacRomanHelp.png in CopyFiles */ = {isa = PBXBuildFile; fileRef = 813231BF17F0580C00C4C7E4 /* MacRomanHelp.png */; };
		81451AAF14FB973000644AF4 /* Cocoa.framework in Frameworks */ = {isa = PBXBuildFile; fileRef = 81451AAE14FB973000644AF4 /* Cocoa.framework */; };
		81451AB914FB973000644AF4 /* InfoPlist.strings in Resources */ = {isa = PBXBuildFile; fileRef = 81451AB714FB973000644AF4 /* InfoPlist.strings */; };
		81451ABB14FB973000644AF4 /* main.m in Sources */ = {isa = PBXBuildFile; fileRef = 81451ABA14FB973000644AF4 /* main.m */; };
		81451ABF14FB973000644AF4 /* Credits.rtf in Resources */ = {isa = PBXBuildFile; fileRef = 81451ABD14FB973000644AF4 /* Credits.rtf */; };
		81451AC514FB973000644AF4 /* MainMenu.xib in Resources */ = {isa = PBXBuildFile; fileRef = 81451AC314FB973000644AF4 /* MainMenu.xib */; };
		81585DF9182453C2002C277F /* ROMImageIcon2MountainLion.icns in Resources */ = {isa = PBXBuildFile; fileRef = 81585DF7182453C2002C277F /* ROMImageIcon2MountainLion.icns */; };
		81585DFA182453C2002C277F /* ROMImageIcon2SnowLeopard.icns in Resources */ = {isa = PBXBuildFile; fileRef = 81585DF8182453C2002C277F /* ROMImageIcon2SnowLeopard.icns */; };
		8160F98617E9A4A400DED4C9 /* AppDelegate.m in Sources */ = {isa = PBXBuildFile; fileRef = 8160F98517E9A4A400DED4C9 /* AppDelegate.m */; };
		81720EA81829093C0090B5FD /* NSString+MD5.m in Sources */ = {isa = PBXBuildFile; fileRef = 81720EA71829093C0090B5FD /* NSString+MD5.m */; };
		81720EAB18290A990090B5FD /* NSData+MD5.m in Sources */ = {isa = PBXBuildFile; fileRef = 81720EAA18290A990090B5FD /* NSData+MD5.m */; };
		8189729B17EB39C400BDE239 /* vMac.png in Resources */ = {isa = PBXBuildFile; fileRef = 8189729A17EB39C400BDE239 /* vMac.png */; };
		818972A317EB39FC00BDE239 /* EmulatorIconValueTransformer.m in Sources */ = {isa = PBXBuildFile; fileRef = 818972A217EB39FC00BDE239 /* EmulatorIconValueTransformer.m */; };
		818972A717EB3D6200BDE239 /* BasiliskII.png in Resources */ = {isa = PBXBuildFile; fileRef = 818972A417EB3D6200BDE239 /* BasiliskII.png */; };
		818972A817EB3D6200BDE239 /* None.png in Resources */ = {isa = PBXBuildFile; fileRef = 818972A517EB3D6200BDE239 /* None.png */; };
		818972A917EB3D6200BDE239 /* Sheepshaver.png in Resources */ = {isa = PBXBuildFile; fileRef = 818972A617EB3D6200BDE239 /* Sheepshaver.png */; };
		819523C1150A042200114146 /* DropView.m in Sources */ = {isa = PBXBuildFile; fileRef = 819523C0150A042200114146 /* DropView.m */; };
		81A684A0151A60BB000B4528 /* RomImageDocument.icns in Resources */ = {isa = PBXBuildFile; fileRef = 81A6849E151A60BB000B4528 /* RomImageDocument.icns */; };
		81A684A1151A60BB000B4528 /* Unsupported.icns in Resources */ = {isa = PBXBuildFile; fileRef = 81A6849F151A60BB000B4528 /* Unsupported.icns */; };
		81A684B1151AA088000B4528 /* GenericQuestionMarkIcon.icns in Resources */ = {isa = PBXBuildFile; fileRef = 81A684B0151AA088000B4528 /* GenericQuestionMarkIcon.icns */; };
		81C5C64117F03F1D00CF2B46 /* EmulatorNameValueTransformer.m in Sources */ = {isa = PBXBuildFile; fileRef = 81C5C64017F03F1C00CF2B46 /* EmulatorNameValueTransformer.m */; };
		81C5C64617F043AB00CF2B46 /* ROMan.icns in Resources */ = {isa = PBXBuildFile; fileRef = 81C5C64517F043AB00CF2B46 /* ROMan.icns */; };
/* End PBXBuildFile section */

/* Begin PBXCopyFilesBuildPhase section */
		813231C417F05A3700C4C7E4 /* CopyFiles */ = {
			isa = PBXCopyFilesBuildPhase;
			buildActionMask = 12;
			dstPath = MacROManHelp;
			dstSubfolderSpec = 7;
			files = (
				813231C517F05A5400C4C7E4 /* index.html in CopyFiles */,
				813231C617F05A5600C4C7E4 /* MacRomanHelp.png in CopyFiles */,
			);
			runOnlyForDeploymentPostprocessing = 0;
		};
/* End PBXCopyFilesBuildPhase section */

/* Begin PBXFileReference section */
		81165EAD181C25DA00545D16 /* TestedValueTransformer.h */ = {isa = PBXFileReference; fileEncoding = 4; lastKnownFileType = sourcecode.c.h; path = TestedValueTransformer.h; sourceTree = "<group>"; };
		81165EAE181C25DA00545D16 /* TestedValueTransformer.m */ = {isa = PBXFileReference; fileEncoding = 4; lastKnownFileType = sourcecode.c.objc; path = TestedValueTransformer.m; sourceTree = "<group>"; };
		812C472F181AE18E007682CB /* RomFileController.h */ = {isa = PBXFileReference; fileEncoding = 4; lastKnownFileType = sourcecode.c.h; path = RomFileController.h; sourceTree = "<group>"; };
		812C4730181AE18E007682CB /* RomFileController.m */ = {isa = PBXFileReference; fileEncoding = 4; lastKnownFileType = sourcecode.c.objc; path = RomFileController.m; sourceTree = "<group>"; };
		812C4736181B0E93007682CB /* BytesValueTransformer.h */ = {isa = PBXFileReference; fileEncoding = 4; lastKnownFileType = sourcecode.c.h; path = BytesValueTransformer.h; sourceTree = "<group>"; };
		812C4737181B0E93007682CB /* BytesValueTransformer.m */ = {isa = PBXFileReference; fileEncoding = 4; lastKnownFileType = sourcecode.c.objc; path = BytesValueTransformer.m; sourceTree = "<group>"; };
		813231BD17F0580C00C4C7E4 /* index.html */ = {isa = PBXFileReference; fileEncoding = 4; lastKnownFileType = text.html; path = index.html; sourceTree = "<group>"; };
		813231BF17F0580C00C4C7E4 /* MacRomanHelp.png */ = {isa = PBXFileReference; lastKnownFileType = image.png; path = MacRomanHelp.png; sourceTree = "<group>"; };
		81451AAA14FB973000644AF4 /* Mac ROMan.app */ = {isa = PBXFileReference; explicitFileType = wrapper.application; includeInIndex = 0; path = "Mac ROMan.app"; sourceTree = BUILT_PRODUCTS_DIR; };
		81451AAE14FB973000644AF4 /* Cocoa.framework */ = {isa = PBXFileReference; lastKnownFileType = wrapper.framework; name = Cocoa.framework; path = System/Library/Frameworks/Cocoa.framework; sourceTree = SDKROOT; };
		81451AB114FB973000644AF4 /* AppKit.framework */ = {isa = PBXFileReference; lastKnownFileType = wrapper.framework; name = AppKit.framework; path = System/Library/Frameworks/AppKit.framework; sourceTree = SDKROOT; };
		81451AB214FB973000644AF4 /* CoreData.framework */ = {isa = PBXFileReference; lastKnownFileType = wrapper.framework; name = CoreData.framework; path = System/Library/Frameworks/CoreData.framework; sourceTree = SDKROOT; };
		81451AB314FB973000644AF4 /* Foundation.framework */ = {isa = PBXFileReference; lastKnownFileType = wrapper.framework; name = Foundation.framework; path = System/Library/Frameworks/Foundation.framework; sourceTree = SDKROOT; };
		81451AB614FB973000644AF4 /* ROMan-Info.plist */ = {isa = PBXFileReference; lastKnownFileType = text.plist.xml; path = "ROMan-Info.plist"; sourceTree = "<group>"; };
		81451AB814FB973000644AF4 /* en */ = {isa = PBXFileReference; lastKnownFileType = text.plist.strings; name = en; path = en.lproj/InfoPlist.strings; sourceTree = "<group>"; };
		81451ABA14FB973000644AF4 /* main.m */ = {isa = PBXFileReference; lastKnownFileType = sourcecode.c.objc; path = main.m; sourceTree = "<group>"; };
		81451ABC14FB973000644AF4 /* Mac ROMan-Prefix.pch */ = {isa = PBXFileReference; lastKnownFileType = sourcecode.c.h; path = "Mac ROMan-Prefix.pch"; sourceTree = "<group>"; };
		81451ABE14FB973000644AF4 /* en */ = {isa = PBXFileReference; lastKnownFileType = text.rtf; name = en; path = en.lproj/Credits.rtf; sourceTree = "<group>"; };
		81451AC014FB973000644AF4 /* AppDelegate.h */ = {isa = PBXFileReference; lastKnownFileType = sourcecode.c.h; path = AppDelegate.h; sourceTree = "<group>"; };
		81451AC414FB973000644AF4 /* en */ = {isa = PBXFileReference; lastKnownFileType = file.xib; name = en; path = en.lproj/MainMenu.xib; sourceTree = "<group>"; };
		81585DF7182453C2002C277F /* ROMImageIcon2MountainLion.icns */ = {isa = PBXFileReference; lastKnownFileType = image.icns; path = ROMImageIcon2MountainLion.icns; sourceTree = "<group>"; };
		81585DF8182453C2002C277F /* ROMImageIcon2SnowLeopard.icns */ = {isa = PBXFileReference; lastKnownFileType = image.icns; path = ROMImageIcon2SnowLeopard.icns; sourceTree = "<group>"; };
		8160F98517E9A4A400DED4C9 /* AppDelegate.m */ = {isa = PBXFileReference; fileEncoding = 4; lastKnownFileType = sourcecode.c.objc; path = AppDelegate.m; sourceTree = "<group>"; };
		81720EA61829093C0090B5FD /* NSString+MD5.h */ = {isa = PBXFileReference; fileEncoding = 4; lastKnownFileType = sourcecode.c.h; path = "NSString+MD5.h"; sourceTree = "<group>"; };
		81720EA71829093C0090B5FD /* NSString+MD5.m */ = {isa = PBXFileReference; fileEncoding = 4; lastKnownFileType = sourcecode.c.objc; path = "NSString+MD5.m"; sourceTree = "<group>"; };
		81720EA918290A990090B5FD /* NSData+MD5.h */ = {isa = PBXFileReference; fileEncoding = 4; lastKnownFileType = sourcecode.c.h; path = "NSData+MD5.h"; sourceTree = "<group>"; };
		81720EAA18290A990090B5FD /* NSData+MD5.m */ = {isa = PBXFileReference; fileEncoding = 4; lastKnownFileType = sourcecode.c.objc; path = "NSData+MD5.m"; sourceTree = "<group>"; };
		8189729A17EB39C400BDE239 /* vMac.png */ = {isa = PBXFileReference; lastKnownFileType = image.png; path = vMac.png; sourceTree = "<group>"; };
		818972A117EB39FC00BDE239 /* EmulatorIconValueTransformer.h */ = {isa = PBXFileReference; fileEncoding = 4; lastKnownFileType = sourcecode.c.h; path = EmulatorIconValueTransformer.h; sourceTree = "<group>"; };
		818972A217EB39FC00BDE239 /* EmulatorIconValueTransformer.m */ = {isa = PBXFileReference; fileEncoding = 4; lastKnownFileType = sourcecode.c.objc; path = EmulatorIconValueTransformer.m; sourceTree = "<group>"; };
		818972A417EB3D6200BDE239 /* BasiliskII.png */ = {isa = PBXFileReference; lastKnownFileType = image.png; path = BasiliskII.png; sourceTree = "<group>"; };
		818972A517EB3D6200BDE239 /* None.png */ = {isa = PBXFileReference; lastKnownFileType = image.png; path = None.png; sourceTree = "<group>"; };
		818972A617EB3D6200BDE239 /* Sheepshaver.png */ = {isa = PBXFileReference; lastKnownFileType = image.png; path = Sheepshaver.png; sourceTree = "<group>"; };
		819523BF150A042200114146 /* DropView.h */ = {isa = PBXFileReference; fileEncoding = 4; lastKnownFileType = sourcecode.c.h; path = DropView.h; sourceTree = "<group>"; };
		819523C0150A042200114146 /* DropView.m */ = {isa = PBXFileReference; fileEncoding = 4; lastKnownFileType = sourcecode.c.objc; path = DropView.m; sourceTree = "<group>"; };
		81A6849E151A60BB000B4528 /* RomImageDocument.icns */ = {isa = PBXFileReference; lastKnownFileType = image.icns; path = RomImageDocument.icns; sourceTree = "<group>"; };
		81A6849F151A60BB000B4528 /* Unsupported.icns */ = {isa = PBXFileReference; lastKnownFileType = image.icns; path = Unsupported.icns; sourceTree = "<group>"; };
		81A684B0151AA088000B4528 /* GenericQuestionMarkIcon.icns */ = {isa = PBXFileReference; lastKnownFileType = image.icns; path = GenericQuestionMarkIcon.icns; sourceTree = "<group>"; };
		81C5C63F17F03F1C00CF2B46 /* EmulatorNameValueTransformer.h */ = {isa = PBXFileReference; fileEncoding = 4; lastKnownFileType = sourcecode.c.h; path = EmulatorNameValueTransformer.h; sourceTree = "<group>"; };
		81C5C64017F03F1C00CF2B46 /* EmulatorNameValueTransformer.m */ = {isa = PBXFileReference; fileEncoding = 4; lastKnownFileType = sourcecode.c.objc; path = EmulatorNameValueTransformer.m; sourceTree = "<group>"; };
		81C5C64517F043AB00CF2B46 /* ROMan.icns */ = {isa = PBXFileReference; lastKnownFileType = image.icns; path = ROMan.icns; sourceTree = "<group>"; };
/* End PBXFileReference section */

/* Begin PBXFrameworksBuildPhase section */
		81451AA714FB973000644AF4 /* Frameworks */ = {
			isa = PBXFrameworksBuildPhase;
			buildActionMask = 2147483647;
			files = (
				81451AAF14FB973000644AF4 /* Cocoa.framework in Frameworks */,
			);
			runOnlyForDeploymentPostprocessing = 0;
		};
/* End PBXFrameworksBuildPhase section */

/* Begin PBXGroup section */
		813231BC17F0580C00C4C7E4 /* MacROManHelp */ = {
			isa = PBXGroup;
			children = (
				813231BD17F0580C00C4C7E4 /* index.html */,
				813231BF17F0580C00C4C7E4 /* MacRomanHelp.png */,
			);
			path = MacROManHelp;
			sourceTree = "<group>";
		};
		81451A9F14FB972F00644AF4 = {
			isa = PBXGroup;
			children = (
				81451AB414FB973000644AF4 /* ROMan */,
				81451AAD14FB973000644AF4 /* Frameworks */,
				81451AAB14FB973000644AF4 /* Products */,
			);
			sourceTree = "<group>";
		};
		81451AAB14FB973000644AF4 /* Products */ = {
			isa = PBXGroup;
			children = (
				81451AAA14FB973000644AF4 /* Mac ROMan.app */,
			);
			name = Products;
			sourceTree = "<group>";
		};
		81451AAD14FB973000644AF4 /* Frameworks */ = {
			isa = PBXGroup;
			children = (
				81451AAE14FB973000644AF4 /* Cocoa.framework */,
				81451AB014FB973000644AF4 /* Other Frameworks */,
			);
			name = Frameworks;
			sourceTree = "<group>";
		};
		81451AB014FB973000644AF4 /* Other Frameworks */ = {
			isa = PBXGroup;
			children = (
				81451AB114FB973000644AF4 /* AppKit.framework */,
				81451AB214FB973000644AF4 /* CoreData.framework */,
				81451AB314FB973000644AF4 /* Foundation.framework */,
			);
			name = "Other Frameworks";
			sourceTree = "<group>";
		};
		81451AB414FB973000644AF4 /* ROMan */ = {
			isa = PBXGroup;
			children = (
				81A684A3151A60CA000B4528 /* Icons */,
				81E15C3A151BDDE800565D43 /* Views */,
				81E15C37151BDDB300565D43 /* Controllers */,
				81451AB514FB973000644AF4 /* Supporting Files */,
			);
			path = ROMan;
			sourceTree = "<group>";
		};
		81451AB514FB973000644AF4 /* Supporting Files */ = {
			isa = PBXGroup;
			children = (
				813231BC17F0580C00C4C7E4 /* MacROManHelp */,
				81451AB614FB973000644AF4 /* ROMan-Info.plist */,
				81451AB714FB973000644AF4 /* InfoPlist.strings */,
				81451ABA14FB973000644AF4 /* main.m */,
				81451ABC14FB973000644AF4 /* Mac ROMan-Prefix.pch */,
				81451ABD14FB973000644AF4 /* Credits.rtf */,
			);
			name = "Supporting Files";
			sourceTree = "<group>";
		};
		81A684A3151A60CA000B4528 /* Icons */ = {
			isa = PBXGroup;
			children = (
				81585DF7182453C2002C277F /* ROMImageIcon2MountainLion.icns */,
				81585DF8182453C2002C277F /* ROMImageIcon2SnowLeopard.icns */,
				81C5C64517F043AB00CF2B46 /* ROMan.icns */,
				81A6849F151A60BB000B4528 /* Unsupported.icns */,
				81A6849E151A60BB000B4528 /* RomImageDocument.icns */,
				81A684B0151AA088000B4528 /* GenericQuestionMarkIcon.icns */,
				8189729A17EB39C400BDE239 /* vMac.png */,
				818972A417EB3D6200BDE239 /* BasiliskII.png */,
				818972A517EB3D6200BDE239 /* None.png */,
				818972A617EB3D6200BDE239 /* Sheepshaver.png */,
			);
			name = Icons;
			sourceTree = "<group>";
		};
		81E15C37151BDDB300565D43 /* Controllers */ = {
			isa = PBXGroup;
			children = (
				81451AC014FB973000644AF4 /* AppDelegate.h */,
				8160F98517E9A4A400DED4C9 /* AppDelegate.m */,
				819523BF150A042200114146 /* DropView.h */,
				819523C0150A042200114146 /* DropView.m */,
				818972A117EB39FC00BDE239 /* EmulatorIconValueTransformer.h */,
				818972A217EB39FC00BDE239 /* EmulatorIconValueTransformer.m */,
				81C5C63F17F03F1C00CF2B46 /* EmulatorNameValueTransformer.h */,
				81C5C64017F03F1C00CF2B46 /* EmulatorNameValueTransformer.m */,
				812C4736181B0E93007682CB /* BytesValueTransformer.h */,
				812C4737181B0E93007682CB /* BytesValueTransformer.m */,
				81165EAD181C25DA00545D16 /* TestedValueTransformer.h */,
				81165EAE181C25DA00545D16 /* TestedValueTransformer.m */,
				812C472F181AE18E007682CB /* RomFileController.h */,
				812C4730181AE18E007682CB /* RomFileController.m */,
				81720EA61829093C0090B5FD /* NSString+MD5.h */,
				81720EA71829093C0090B5FD /* NSString+MD5.m */,
				81720EA918290A990090B5FD /* NSData+MD5.h */,
				81720EAA18290A990090B5FD /* NSData+MD5.m */,
			);
			name = Controllers;
			sourceTree = "<group>";
		};
		81E15C3A151BDDE800565D43 /* Views */ = {
			isa = PBXGroup;
			children = (
				81451AC314FB973000644AF4 /* MainMenu.xib */,
			);
			name = Views;
			sourceTree = "<group>";
		};
/* End PBXGroup section */

/* Begin PBXNativeTarget section */
		81451AA914FB973000644AF4 /* Mac ROMan */ = {
			isa = PBXNativeTarget;
			buildConfigurationList = 81451AC814FB973000644AF4 /* Build configuration list for PBXNativeTarget "Mac ROMan" */;
			buildPhases = (
				81451AA614FB973000644AF4 /* Sources */,
				81451AA714FB973000644AF4 /* Frameworks */,
				81451AA814FB973000644AF4 /* Resources */,
				813231C417F05A3700C4C7E4 /* CopyFiles */,
			);
			buildRules = (
			);
			dependencies = (
			);
			name = "Mac ROMan";
			productName = ROMan;
			productReference = 81451AAA14FB973000644AF4 /* Mac ROMan.app */;
			productType = "com.apple.product-type.application";
		};
/* End PBXNativeTarget section */

/* Begin PBXProject section */
		81451AA114FB972F00644AF4 /* Project object */ = {
			isa = PBXProject;
			attributes = {
				LastUpgradeCheck = 0700;
				ORGANIZATIONNAME = "Giancarlo Mariot";
			};
			buildConfigurationList = 81451AA414FB972F00644AF4 /* Build configuration list for PBXProject "Mac ROMan" */;
			compatibilityVersion = "Xcode 3.2";
			developmentRegion = English;
			hasScannedForEncodings = 0;
			knownRegions = (
				en,
			);
			mainGroup = 81451A9F14FB972F00644AF4;
			productRefGroup = 81451AAB14FB973000644AF4 /* Products */;
			projectDirPath = "";
			projectRoot = "";
			targets = (
				81451AA914FB973000644AF4 /* Mac ROMan */,
			);
		};
/* End PBXProject section */

/* Begin PBXResourcesBuildPhase section */
		81451AA814FB973000644AF4 /* Resources */ = {
			isa = PBXResourcesBuildPhase;
			buildActionMask = 2147483647;
			files = (
				81451AB914FB973000644AF4 /* InfoPlist.strings in Resources */,
				81451ABF14FB973000644AF4 /* Credits.rtf in Resources */,
				81451AC514FB973000644AF4 /* MainMenu.xib in Resources */,
				81A684A0151A60BB000B4528 /* RomImageDocument.icns in Resources */,
				81A684A1151A60BB000B4528 /* Unsupported.icns in Resources */,
				81A684B1151AA088000B4528 /* GenericQuestionMarkIcon.icns in Resources */,
				8189729B17EB39C400BDE239 /* vMac.png in Resources */,
				818972A717EB3D6200BDE239 /* BasiliskII.png in Resources */,
				818972A817EB3D6200BDE239 /* None.png in Resources */,
				818972A917EB3D6200BDE239 /* Sheepshaver.png in Resources */,
				81C5C64617F043AB00CF2B46 /* ROMan.icns in Resources */,
				813231C017F0580C00C4C7E4 /* index.html in Resources */,
				813231C217F0580C00C4C7E4 /* MacRomanHelp.png in Resources */,
				81585DF9182453C2002C277F /* ROMImageIcon2MountainLion.icns in Resources */,
				81585DFA182453C2002C277F /* ROMImageIcon2SnowLeopard.icns in Resources */,
			);
			runOnlyForDeploymentPostprocessing = 0;
		};
/* End PBXResourcesBuildPhase section */

/* Begin PBXSourcesBuildPhase section */
		81451AA614FB973000644AF4 /* Sources */ = {
			isa = PBXSourcesBuildPhase;
			buildActionMask = 2147483647;
			files = (
				81451ABB14FB973000644AF4 /* main.m in Sources */,
				819523C1150A042200114146 /* DropView.m in Sources */,
				8160F98617E9A4A400DED4C9 /* AppDelegate.m in Sources */,
				81720EA81829093C0090B5FD /* NSString+MD5.m in Sources */,
				818972A317EB39FC00BDE239 /* EmulatorIconValueTransformer.m in Sources */,
				81C5C64117F03F1D00CF2B46 /* EmulatorNameValueTransformer.m in Sources */,
				812C4731181AE18E007682CB /* RomFileController.m in Sources */,
				812C4738181B0E93007682CB /* BytesValueTransformer.m in Sources */,
				81165EAF181C25DA00545D16 /* TestedValueTransformer.m in Sources */,
				81720EAB18290A990090B5FD /* NSData+MD5.m in Sources */,
			);
			runOnlyForDeploymentPostprocessing = 0;
		};
/* End PBXSourcesBuildPhase section */

/* Begin PBXVariantGroup section */
		81451AB714FB973000644AF4 /* InfoPlist.strings */ = {
			isa = PBXVariantGroup;
			children = (
				81451AB814FB973000644AF4 /* en */,
			);
			name = InfoPlist.strings;
			sourceTree = "<group>";
		};
		81451ABD14FB973000644AF4 /* Credits.rtf */ = {
			isa = PBXVariantGroup;
			children = (
				81451ABE14FB973000644AF4 /* en */,
			);
			name = Credits.rtf;
			sourceTree = "<group>";
		};
		81451AC314FB973000644AF4 /* MainMenu.xib */ = {
			isa = PBXVariantGroup;
			children = (
				81451AC414FB973000644AF4 /* en */,
			);
			name = MainMenu.xib;
			sourceTree = "<group>";
		};
/* End PBXVariantGroup section */

/* Begin XCBuildConfiguration section */
		81451AC614FB973000644AF4 /* Debug */ = {
			isa = XCBuildConfiguration;
			buildSettings = {
				ALWAYS_SEARCH_USER_PATHS = NO;
				CLANG_WARN_BOOL_CONVERSION = YES;
				CLANG_WARN_CONSTANT_CONVERSION = YES;
				CLANG_WARN_EMPTY_BODY = YES;
				CLANG_WARN_ENUM_CONVERSION = YES;
				CLANG_WARN_INT_CONVERSION = YES;
				CLANG_WARN_UNREACHABLE_CODE = YES;
				CLANG_WARN__DUPLICATE_METHOD_MATCH = YES;
				COPY_PHASE_STRIP = NO;
				ENABLE_STRICT_OBJC_MSGSEND = YES;
				ENABLE_TESTABILITY = YES;
				GCC_C_LANGUAGE_STANDARD = gnu99;
				GCC_DYNAMIC_NO_PIC = NO;
				GCC_ENABLE_OBJC_EXCEPTIONS = YES;
				GCC_NO_COMMON_BLOCKS = YES;
				GCC_OPTIMIZATION_LEVEL = 0;
				GCC_PREPROCESSOR_DEFINITIONS = (
					"DEBUG=1",
					"$(inherited)",
				);
				GCC_SYMBOLS_PRIVATE_EXTERN = NO;
				GCC_VERSION = com.apple.compilers.llvm.clang.1_0;
				GCC_WARN_64_TO_32_BIT_CONVERSION = YES;
				GCC_WARN_ABOUT_MISSING_PROTOTYPES = YES;
				GCC_WARN_ABOUT_RETURN_TYPE = YES;
				GCC_WARN_UNDECLARED_SELECTOR = YES;
				GCC_WARN_UNINITIALIZED_AUTOS = YES;
				GCC_WARN_UNUSED_FUNCTION = YES;
				GCC_WARN_UNUSED_VARIABLE = YES;
				MACOSX_DEPLOYMENT_TARGET = 10.6;
				ONLY_ACTIVE_ARCH = YES;
				SDKROOT = macosx;
			};
			name = Debug;
		};
		81451AC714FB973000644AF4 /* Release */ = {
			isa = XCBuildConfiguration;
			buildSettings = {
				ALWAYS_SEARCH_USER_PATHS = NO;
				CLANG_WARN_BOOL_CONVERSION = YES;
				CLANG_WARN_CONSTANT_CONVERSION = YES;
				CLANG_WARN_EMPTY_BODY = YES;
				CLANG_WARN_ENUM_CONVERSION = YES;
				CLANG_WARN_INT_CONVERSION = YES;
				CLANG_WARN_UNREACHABLE_CODE = YES;
				CLANG_WARN__DUPLICATE_METHOD_MATCH = YES;
				COPY_PHASE_STRIP = YES;
				DEBUG_INFORMATION_FORMAT = "dwarf-with-dsym";
				ENABLE_STRICT_OBJC_MSGSEND = YES;
				GCC_C_LANGUAGE_STANDARD = gnu99;
				GCC_ENABLE_OBJC_EXCEPTIONS = YES;
				GCC_NO_COMMON_BLOCKS = YES;
				GCC_VERSION = com.apple.compilers.llvm.clang.1_0;
				GCC_WARN_64_TO_32_BIT_CONVERSION = YES;
				GCC_WARN_ABOUT_MISSING_PROTOTYPES = YES;
				GCC_WARN_ABOUT_RETURN_TYPE = YES;
				GCC_WARN_UNDECLARED_SELECTOR = YES;
				GCC_WARN_UNINITIALIZED_AUTOS = YES;
				GCC_WARN_UNUSED_FUNCTION = YES;
				GCC_WARN_UNUSED_VARIABLE = YES;
				MACOSX_DEPLOYMENT_TARGET = 10.6;
				SDKROOT = macosx;
			};
			name = Release;
		};
		81451AC914FB973000644AF4 /* Debug */ = {
			isa = XCBuildConfiguration;
			buildSettings = {
				COMBINE_HIDPI_IMAGES = YES;
				GCC_PRECOMPILE_PREFIX_HEADER = YES;
				GCC_PREFIX_HEADER = "ROMan/Mac ROMan-Prefix.pch";
				INFOPLIST_FILE = "ROMan/ROMan-Info.plist";
				ONLY_ACTIVE_ARCH = YES;
				PRODUCT_BUNDLE_IDENTIFIER = "Giancarlo-Mariot.${PRODUCT_NAME:rfc1034identifier}";
				PRODUCT_NAME = "Mac ROMan";
				WRAPPER_EXTENSION = app;
			};
			name = Debug;
		};
		81451ACA14FB973000644AF4 /* Release */ = {
			isa = XCBuildConfiguration;
			buildSettings = {
				COMBINE_HIDPI_IMAGES = YES;
				GCC_PRECOMPILE_PREFIX_HEADER = YES;
				GCC_PREFIX_HEADER = "ROMan/Mac ROMan-Prefix.pch";
				INFOPLIST_FILE = "ROMan/ROMan-Info.plist";
				ONLY_ACTIVE_ARCH = NO;
				PRODUCT_BUNDLE_IDENTIFIER = "Giancarlo-Mariot.${PRODUCT_NAME:rfc1034identifier}";
				PRODUCT_NAME = "Mac ROMan";
				WRAPPER_EXTENSION = app;
			};
			name = Release;
		};
/* End XCBuildConfiguration section */

/* Begin XCConfigurationList section */
		81451AA414FB972F00644AF4 /* Build configuration list for PBXProject "Mac ROMan" */ = {
			isa = XCConfigurationList;
			buildConfigurations = (
				81451AC614FB973000644AF4 /* Debug */,
				81451AC714FB973000644AF4 /* Release */,
			);
			defaultConfigurationIsVisible = 0;
			defaultConfigurationName = Release;
		};
		81451AC814FB973000644AF4 /* Build configuration list for PBXNativeTarget "Mac ROMan" */ = {
			isa = XCConfigurationList;
			buildConfigurations = (
				81451AC914FB973000644AF4 /* Debug */,
				81451ACA14FB973000644AF4 /* Release */,
			);
			defaultConfigurationIsVisible = 0;
			defaultConfigurationName = Release;
		};
/* End XCConfigurationList section */
	};
	rootObject = 81451AA114FB972F00644AF4 /* Project object */;
}
